
Microsoft Visual Studio Solution File, Format Version 12.00
# Visual Studio 15
Project("{FAE04EC0-301F-11D3-BF4B-00C04F79EFBC}") = "Assembly-CSharp-Editor", "Assembly-CSharp-Editor.csproj", "{F65F64E9-6506-D3F0-3100-95908D8EF970}"
EndProject
Project("{FAE04EC0-301F-11D3-BF4B-00C04F79EFBC}") = "Assembly-CSharp", "Assembly-CSharp.csproj", "{5E3933FD-3F7A-4B9B-E464-921EA959492F}"
EndProject
Global
	GlobalSection(SolutionConfigurationPlatforms) = preSolution
		Debug|Any CPU = Debug|Any CPU
		Release|Any CPU = Release|Any CPU
	EndGlobalSection
	GlobalSection(ProjectConfigurationPlatforms) = postSolution
		{F65F64E9-6506-D3F0-3100-95908D8EF970}.Debug|Any CPU.ActiveCfg = Debug|Any CPU
		{F65F64E9-6506-D3F0-3100-95908D8EF970}.Debug|Any CPU.Build.0 = Debug|Any CPU
		{F65F64E9-6506-D3F0-3100-95908D8EF970}.Release|Any CPU.ActiveCfg = Release|Any CPU
		{F65F64E9-6506-D3F0-3100-95908D8EF970}.Release|Any CPU.Build.0 = Release|Any CPU
		{5E3933FD-3F7A-4B9B-E464-921EA959492F}.Debug|Any CPU.ActiveCfg = Debug|Any CPU
		{5E3933FD-3F7A-4B9B-E464-921EA959492F}.Debug|Any CPU.Build.0 = Debug|Any CPU
		{5E3933FD-3F7A-4B9B-E464-921EA959492F}.Release|Any CPU.ActiveCfg = Release|Any CPU
		{5E3933FD-3F7A-4B9B-E464-921EA959492F}.Release|Any CPU.Build.0 = Release|Any CPU
	EndGlobalSection
	GlobalSection(SolutionProperties) = preSolution
		HideSolutionNode = FALSE
	EndGlobalSection
EndGlobal
